{
  "name": "relay-server",
  "version": "1.0.0",
  "lockfileVersion": 3,
  "requires": true,
  "packages": {
    "": {
      "name": "relay-server",
      "version": "1.0.0",
      "license": "ISC",
      "dependencies": {
        "uuid": "^9.0.0",
        "ws": "^8.13.0"
      }
    },
    "node_modules/uuid": {
      "version": "9.0.0",
      "resolved": "https://registry.npmjs.org/uuid/-/uuid-9.0.0.tgz",
      "integrity": "sha512-UNM1tFh+kGm3jLPcr8lf7nDsE+1fnE03cgH+QsCKWWhW3UqogxZMo+zR3NYQvTrmgY8oc4JtABRkIzGZk8ZZlA==",
      "engines": {
        "node": ">=14.0.0"
      }
    },
    "node_modules/ws": {
      "version": "8.13.0",
      "resolved": "https://registry.npmjs.org/ws/-/ws-8.13.0.tgz",
      "integrity": "sha512-8R+0ElPrmV3AL1sQAdWRSk+2Z0s3HbFwIplSr5uK3F58Gy+vZC3fezzrZSl+dODo5Y+EZhYOjKNivK81oO/HOA==",
      "engines": {
        "node": ">=10.0.0"
      }
    }
  },
  "dependencies": {
    "uuid": {
      "version": "9.0.0",
      "resolved": "https://registry.npmjs.org/uuid/-/uuid-9.0.0.tgz",
      "integrity": "sha512-UNM1tFh+kGm3jLPcr8lf7nDsE+1fnE03cgH+QsCKWWhW3UqogxZMo+zR3NYQvTrmgY8oc4JtABRkIzGZk8ZZlA=="
    },
    "ws": {
      "version": "8.13.0",
      "resolved": "https://registry.npmjs.org/ws/-/ws-8.13.0.tgz",
      "integrity": "sha512-8R+0ElPrmV3AL1sQAdWRSk+2Z0s3HbFwIplSr5uK3F58Gy+vZC3fezzrZSl+dODo5Y+EZhYOjKNivK81oO/HOA=="
    }
  }
}